
Microsoft Visual Studio Solution File, Format Version 12.00
# Visual Studio Version 16
VisualStudioVersion = 16.0.30621.155
MinimumVisualStudioVersion = 10.0.40219.1
Project("{FAE04EC0-301F-11D3-BF4B-00C04F79EFBC}") = "clienteForm", "WindowsFormsApplication1\clienteForm.csproj", "{F5E08E40-5E04-41A2-AFB5-56E3E3274D24}"
EndProject
Project("{FAE04EC0-301F-11D3-BF4B-00C04F79EFBC}") = "JuegoLib", "JuegoLib\JuegoLib.csproj", "{7EC9C5B1-5424-4CD9-9F05-54A8C1FB7AC2}"
EndProject
Global
	GlobalSection(SolutionConfigurationPlatforms) = preSolution
		Debug|Any CPU = Debug|Any CPU
		Release|Any CPU = Release|Any CPU
	EndGlobalSection
	GlobalSection(ProjectConfigurationPlatforms) = postSolution
		{F5E08E40-5E04-41A2-AFB5-56E3E3274D24}.Debug|Any CPU.ActiveCfg = Debug|Any CPU
		{F5E08E40-5E04-41A2-AFB5-56E3E3274D24}.Debug|Any CPU.Build.0 = Debug|Any CPU
		{F5E08E40-5E04-41A2-AFB5-56E3E3274D24}.Release|Any CPU.ActiveCfg = Release|Any CPU
		{F5E08E40-5E04-41A2-AFB5-56E3E3274D24}.Release|Any CPU.Build.0 = Release|Any CPU
		{7EC9C5B1-5424-4CD9-9F05-54A8C1FB7AC2}.Debug|Any CPU.ActiveCfg = Debug|Any CPU
		{7EC9C5B1-5424-4CD9-9F05-54A8C1FB7AC2}.Debug|Any CPU.Build.0 = Debug|Any CPU
		{7EC9C5B1-5424-4CD9-9F05-54A8C1FB7AC2}.Release|Any CPU.ActiveCfg = Release|Any CPU
		{7EC9C5B1-5424-4CD9-9F05-54A8C1FB7AC2}.Release|Any CPU.Build.0 = Release|Any CPU
	EndGlobalSection
	GlobalSection(SolutionProperties) = preSolution
		HideSolutionNode = FALSE
	EndGlobalSection
	GlobalSection(ExtensibilityGlobals) = postSolution
		SolutionGuid = {1ED757C0-7443-42B2-BD87-12BEE96717C7}
	EndGlobalSection
EndGlobal
